// !$*UTF8*$!
{
	archiveVersion = 1;
	classes = {
	};
	objectVersion = 50;
	objects = {

/* Begin PBXBuildFile section */
		7E609496263FCC5E005E2919 /* ReduxAnimeAppApp.swift in Sources */ = {isa = PBXBuildFile; fileRef = 7E609495263FCC5E005E2919 /* ReduxAnimeAppApp.swift */; };
		7E609498263FCC5E005E2919 /* ContentView.swift in Sources */ = {isa = PBXBuildFile; fileRef = 7E609497263FCC5E005E2919 /* ContentView.swift */; };
		7E60949A263FCC63005E2919 /* Assets.xcassets in Resources */ = {isa = PBXBuildFile; fileRef = 7E609499263FCC63005E2919 /* Assets.xcassets */; };
		7E60949D263FCC63005E2919 /* Preview Assets.xcassets in Resources */ = {isa = PBXBuildFile; fileRef = 7E60949C263FCC63005E2919 /* Preview Assets.xcassets */; };
		7E6094A6263FD0C5005E2919 /* Store.swift in Sources */ = {isa = PBXBuildFile; fileRef = 7E6094A5263FD0C5005E2919 /* Store.swift */; };
		7E6094A9263FD136005E2919 /* Action.swift in Sources */ = {isa = PBXBuildFile; fileRef = 7E6094A8263FD136005E2919 /* Action.swift */; };
		7E6094AC263FD442005E2919 /* AppReducer.swift in Sources */ = {isa = PBXBuildFile; fileRef = 7E6094AB263FD442005E2919 /* AppReducer.swift */; };
		7E6094B0263FD781005E2919 /* AccessToken.swift in Sources */ = {isa = PBXBuildFile; fileRef = 7E6094AF263FD781005E2919 /* AccessToken.swift */; };
		7E6094B2263FDC11005E2919 /* Const.swift in Sources */ = {isa = PBXBuildFile; fileRef = 7E6094B1263FDC11005E2919 /* Const.swift */; };
		7E6094B72640FD4B005E2919 /* AnimeService.swift in Sources */ = {isa = PBXBuildFile; fileRef = 7E6094B62640FD4B005E2919 /* AnimeService.swift */; };
		7E6094B92640FDE5005E2919 /* Anime.swift in Sources */ = {isa = PBXBuildFile; fileRef = 7E6094B82640FDE5005E2919 /* Anime.swift */; };
		7E6094BB26411C8E005E2919 /* AnimeMiddleware.swift in Sources */ = {isa = PBXBuildFile; fileRef = 7E6094BA26411C8E005E2919 /* AnimeMiddleware.swift */; };
		7E6094BD26412303005E2919 /* AnimeReducer.swift in Sources */ = {isa = PBXBuildFile; fileRef = 7E6094BC26412303005E2919 /* AnimeReducer.swift */; };
		7E6188C12643909600F71B2D /* AnimeRow.swift in Sources */ = {isa = PBXBuildFile; fileRef = 7E6188C02643909600F71B2D /* AnimeRow.swift */; };
		7E6188C3264391AA00F71B2D /* AnimeDetailView.swift in Sources */ = {isa = PBXBuildFile; fileRef = 7E6188C2264391AA00F71B2D /* AnimeDetailView.swift */; };
		7E6188C8264396EB00F71B2D /* WebView.swift in Sources */ = {isa = PBXBuildFile; fileRef = 7E6188C7264396EB00F71B2D /* WebView.swift */; };
		7E6188CA264398E600F71B2D /* ImageDownloader.swift in Sources */ = {isa = PBXBuildFile; fileRef = 7E6188C9264398E600F71B2D /* ImageDownloader.swift */; };
		7E6188CC2643996D00F71B2D /* URLImage.swift in Sources */ = {isa = PBXBuildFile; fileRef = 7E6188CB2643996D00F71B2D /* URLImage.swift */; };
/* End PBXBuildFile section */

/* Begin PBXFileReference section */
		7E609492263FCC5D005E2919 /* ReduxAnimeApp.app */ = {isa = PBXFileReference; explicitFileType = wrapper.application; includeInIndex = 0; path = ReduxAnimeApp.app; sourceTree = BUILT_PRODUCTS_DIR; };
		7E609495263FCC5E005E2919 /* ReduxAnimeAppApp.swift */ = {isa = PBXFileReference; lastKnownFileType = sourcecode.swift; path = ReduxAnimeAppApp.swift; sourceTree = "<group>"; };
		7E609497263FCC5E005E2919 /* ContentView.swift */ = {isa = PBXFileReference; lastKnownFileType = sourcecode.swift; path = ContentView.swift; sourceTree = "<group>"; };
		7E609499263FCC63005E2919 /* Assets.xcassets */ = {isa = PBXFileReference; lastKnownFileType = folder.assetcatalog; path = Assets.xcassets; sourceTree = "<group>"; };
		7E60949C263FCC63005E2919 /* Preview Assets.xcassets */ = {isa = PBXFileReference; lastKnownFileType = folder.assetcatalog; path = "Preview Assets.xcassets"; sourceTree = "<group>"; };
		7E60949E263FCC63005E2919 /* Info.plist */ = {isa = PBXFileReference; lastKnownFileType = text.plist.xml; path = Info.plist; sourceTree = "<group>"; };
		7E6094A5263FD0C5005E2919 /* Store.swift */ = {isa = PBXFileReference; lastKnownFileType = sourcecode.swift; path = Store.swift; sourceTree = "<group>"; };
		7E6094A8263FD136005E2919 /* Action.swift */ = {isa = PBXFileReference; lastKnownFileType = sourcecode.swift; path = Action.swift; sourceTree = "<group>"; };
		7E6094AB263FD442005E2919 /* AppReducer.swift */ = {isa = PBXFileReference; lastKnownFileType = sourcecode.swift; path = AppReducer.swift; sourceTree = "<group>"; };
		7E6094AF263FD781005E2919 /* AccessToken.swift */ = {isa = PBXFileReference; lastKnownFileType = sourcecode.swift; path = AccessToken.swift; sourceTree = "<group>"; };
		7E6094B1263FDC11005E2919 /* Const.swift */ = {isa = PBXFileReference; lastKnownFileType = sourcecode.swift; path = Const.swift; sourceTree = "<group>"; };
		7E6094B62640FD4B005E2919 /* AnimeService.swift */ = {isa = PBXFileReference; lastKnownFileType = sourcecode.swift; path = AnimeService.swift; sourceTree = "<group>"; };
		7E6094B82640FDE5005E2919 /* Anime.swift */ = {isa = PBXFileReference; lastKnownFileType = sourcecode.swift; path = Anime.swift; sourceTree = "<group>"; };
		7E6094BA26411C8E005E2919 /* AnimeMiddleware.swift */ = {isa = PBXFileReference; lastKnownFileType = sourcecode.swift; path = AnimeMiddleware.swift; sourceTree = "<group>"; };
		7E6094BC26412303005E2919 /* AnimeReducer.swift */ = {isa = PBXFileReference; lastKnownFileType = sourcecode.swift; path = AnimeReducer.swift; sourceTree = "<group>"; };
		7E6188C02643909600F71B2D /* AnimeRow.swift */ = {isa = PBXFileReference; lastKnownFileType = sourcecode.swift; path = AnimeRow.swift; sourceTree = "<group>"; };
		7E6188C2264391AA00F71B2D /* AnimeDetailView.swift */ = {isa = PBXFileReference; lastKnownFileType = sourcecode.swift; path = AnimeDetailView.swift; sourceTree = "<group>"; };
		7E6188C7264396EB00F71B2D /* WebView.swift */ = {isa = PBXFileReference; lastKnownFileType = sourcecode.swift; path = WebView.swift; sourceTree = "<group>"; };
		7E6188C9264398E600F71B2D /* ImageDownloader.swift */ = {isa = PBXFileReference; lastKnownFileType = sourcecode.swift; path = ImageDownloader.swift; sourceTree = "<group>"; };
		7E6188CB2643996D00F71B2D /* URLImage.swift */ = {isa = PBXFileReference; lastKnownFileType = sourcecode.swift; path = URLImage.swift; sourceTree = "<group>"; };
/* End PBXFileReference section */

/* Begin PBXFrameworksBuildPhase section */
		7E60948F263FCC5D005E2919 /* Frameworks */ = {
			isa = PBXFrameworksBuildPhase;
			buildActionMask = 2147483647;
			files = (
			);
			runOnlyForDeploymentPostprocessing = 0;
		};
/* End PBXFrameworksBuildPhase section */

/* Begin PBXGroup section */
		7E609489263FCC5D005E2919 = {
			isa = PBXGroup;
			children = (
				7E609494263FCC5D005E2919 /* ReduxAnimeApp */,
				7E609493263FCC5D005E2919 /* Products */,
			);
			sourceTree = "<group>";
		};
		7E609493263FCC5D005E2919 /* Products */ = {
			isa = PBXGroup;
			children = (
				7E609492263FCC5D005E2919 /* ReduxAnimeApp.app */,
			);
			name = Products;
			sourceTree = "<group>";
		};
		7E609494263FCC5D005E2919 /* ReduxAnimeApp */ = {
			isa = PBXGroup;
			children = (
				7E609495263FCC5E005E2919 /* ReduxAnimeAppApp.swift */,
				7E6094AD263FD6B1005E2919 /* View */,
				7E6094A7263FD125005E2919 /* Action */,
				7E6094A4263FD0A7005E2919 /* Store */,
				7E6094B42640F872005E2919 /* Model */,
				7E6094B52640F8A9005E2919 /* Service */,
				7E6094AE263FD72B005E2919 /* Utility */,
				7E609499263FCC63005E2919 /* Assets.xcassets */,
				7E60949E263FCC63005E2919 /* Info.plist */,
				7E60949B263FCC63005E2919 /* Preview Content */,
			);
			path = ReduxAnimeApp;
			sourceTree = "<group>";
		};
		7E60949B263FCC63005E2919 /* Preview Content */ = {
			isa = PBXGroup;
			children = (
				7E60949C263FCC63005E2919 /* Preview Assets.xcassets */,
			);
			path = "Preview Content";
			sourceTree = "<group>";
		};
		7E6094A4263FD0A7005E2919 /* Store */ = {
			isa = PBXGroup;
			children = (
				7E6094A5263FD0C5005E2919 /* Store.swift */,
				7E6094B32640EC61005E2919 /* Middleware */,
				7E6094AA263FD418005E2919 /* Reducer */,
			);
			path = Store;
			sourceTree = "<group>";
		};
		7E6094A7263FD125005E2919 /* Action */ = {
			isa = PBXGroup;
			children = (
				7E6094A8263FD136005E2919 /* Action.swift */,
			);
			path = Action;
			sourceTree = "<group>";
		};
		7E6094AA263FD418005E2919 /* Reducer */ = {
			isa = PBXGroup;
			children = (
				7E6094AB263FD442005E2919 /* AppReducer.swift */,
				7E6094BC26412303005E2919 /* AnimeReducer.swift */,
			);
			path = Reducer;
			sourceTree = "<group>";
		};
		7E6094AD263FD6B1005E2919 /* View */ = {
			isa = PBXGroup;
			children = (
				7E609497263FCC5E005E2919 /* ContentView.swift */,
				7E6188C02643909600F71B2D /* AnimeRow.swift */,
				7E6188C2264391AA00F71B2D /* AnimeDetailView.swift */,
				7E6188C7264396EB00F71B2D /* WebView.swift */,
				7E6188CB2643996D00F71B2D /* URLImage.swift */,
			);
			path = View;
			sourceTree = "<group>";
		};
		7E6094AE263FD72B005E2919 /* Utility */ = {
			isa = PBXGroup;
			children = (
				7E6094AF263FD781005E2919 /* AccessToken.swift */,
				7E6094B1263FDC11005E2919 /* Const.swift */,
				7E6188C9264398E600F71B2D /* ImageDownloader.swift */,
			);
			path = Utility;
			sourceTree = "<group>";
		};
		7E6094B32640EC61005E2919 /* Middleware */ = {
			isa = PBXGroup;
			children = (
				7E6094BA26411C8E005E2919 /* AnimeMiddleware.swift */,
			);
			path = Middleware;
			sourceTree = "<group>";
		};
		7E6094B42640F872005E2919 /* Model */ = {
			isa = PBXGroup;
			children = (
				7E6094B82640FDE5005E2919 /* Anime.swift */,
			);
			path = Model;
			sourceTree = "<group>";
		};
		7E6094B52640F8A9005E2919 /* Service */ = {
			isa = PBXGroup;
			children = (
				7E6094B62640FD4B005E2919 /* AnimeService.swift */,
			);
			path = Service;
			sourceTree = "<group>";
		};
/* End PBXGroup section */

/* Begin PBXNativeTarget section */
		7E609491263FCC5D005E2919 /* ReduxAnimeApp */ = {
			isa = PBXNativeTarget;
			buildConfigurationList = 7E6094A1263FCC63005E2919 /* Build configuration list for PBXNativeTarget "ReduxAnimeApp" */;
			buildPhases = (
				7E60948E263FCC5D005E2919 /* Sources */,
				7E60948F263FCC5D005E2919 /* Frameworks */,
				7E609490263FCC5D005E2919 /* Resources */,
			);
			buildRules = (
			);
			dependencies = (
			);
			name = ReduxAnimeApp;
			productName = ReduxAnimeApp;
			productReference = 7E609492263FCC5D005E2919 /* ReduxAnimeApp.app */;
			productType = "com.apple.product-type.application";
		};
/* End PBXNativeTarget section */

/* Begin PBXProject section */
		7E60948A263FCC5D005E2919 /* Project object */ = {
			isa = PBXProject;
			attributes = {
				LastSwiftUpdateCheck = 1250;
				LastUpgradeCheck = 1250;
				TargetAttributes = {
					7E609491263FCC5D005E2919 = {
						CreatedOnToolsVersion = 12.5;
					};
				};
			};
			buildConfigurationList = 7E60948D263FCC5D005E2919 /* Build configuration list for PBXProject "ReduxAnimeApp" */;
			compatibilityVersion = "Xcode 9.3";
			developmentRegion = en;
			hasScannedForEncodings = 0;
			knownRegions = (
				en,
				Base,
			);
			mainGroup = 7E609489263FCC5D005E2919;
			productRefGroup = 7E609493263FCC5D005E2919 /* Products */;
			projectDirPath = "";
			projectRoot = "";
			targets = (
				7E609491263FCC5D005E2919 /* ReduxAnimeApp */,
			);
		};
/* End PBXProject section */

/* Begin PBXResourcesBuildPhase section */
		7E609490263FCC5D005E2919 /* Resources */ = {
			isa = PBXResourcesBuildPhase;
			buildActionMask = 2147483647;
			files = (
				7E60949D263FCC63005E2919 /* Preview Assets.xcassets in Resources */,
				7E60949A263FCC63005E2919 /* Assets.xcassets in Resources */,
			);
			runOnlyForDeploymentPostprocessing = 0;
		};
/* End PBXResourcesBuildPhase section */

/* Begin PBXSourcesBuildPhase section */
		7E60948E263FCC5D005E2919 /* Sources */ = {
			isa = PBXSourcesBuildPhase;
			buildActionMask = 2147483647;
			files = (
				7E6094B72640FD4B005E2919 /* AnimeService.swift in Sources */,
				7E6188CA264398E600F71B2D /* ImageDownloader.swift in Sources */,
				7E6094A6263FD0C5005E2919 /* Store.swift in Sources */,
				7E6188C3264391AA00F71B2D /* AnimeDetailView.swift in Sources */,
				7E6094A9263FD136005E2919 /* Action.swift in Sources */,
				7E6188C12643909600F71B2D /* AnimeRow.swift in Sources */,
				7E6094BD26412303005E2919 /* AnimeReducer.swift in Sources */,
				7E609498263FCC5E005E2919 /* ContentView.swift in Sources */,
				7E6094BB26411C8E005E2919 /* AnimeMiddleware.swift in Sources */,
				7E609496263FCC5E005E2919 /* ReduxAnimeAppApp.swift in Sources */,
				7E6094AC263FD442005E2919 /* AppReducer.swift in Sources */,
				7E6094B0263FD781005E2919 /* AccessToken.swift in Sources */,
				7E6094B92640FDE5005E2919 /* Anime.swift in Sources */,
				7E6094B2263FDC11005E2919 /* Const.swift in Sources */,
				7E6188C8264396EB00F71B2D /* WebView.swift in Sources */,
				7E6188CC2643996D00F71B2D /* URLImage.swift in Sources */,
			);
			runOnlyForDeploymentPostprocessing = 0;
		};
/* End PBXSourcesBuildPhase section */

/* Begin XCBuildConfiguration section */
		7E60949F263FCC63005E2919 /* Debug */ = {
			isa = XCBuildConfiguration;
			buildSettings = {
				ALWAYS_SEARCH_USER_PATHS = NO;
				CLANG_ANALYZER_NONNULL = YES;
				CLANG_ANALYZER_NUMBER_OBJECT_CONVERSION = YES_AGGRESSIVE;
				CLANG_CXX_LANGUAGE_STANDARD = "gnu++14";
				CLANG_CXX_LIBRARY = "libc++";
				CLANG_ENABLE_MODULES = YES;
				CLANG_ENABLE_OBJC_ARC = YES;
				CLANG_ENABLE_OBJC_WEAK = YES;
				CLANG_WARN_BLOCK_CAPTURE_AUTORELEASING = YES;
				CLANG_WARN_BOOL_CONVERSION = YES;
				CLANG_WARN_COMMA = YES;
				CLANG_WARN_CONSTANT_CONVERSION = YES;
				CLANG_WARN_DEPRECATED_OBJC_IMPLEMENTATIONS = YES;
				CLANG_WARN_DIRECT_OBJC_ISA_USAGE = YES_ERROR;
				CLANG_WARN_DOCUMENTATION_COMMENTS = YES;
				CLANG_WARN_EMPTY_BODY = YES;
				CLANG_WARN_ENUM_CONVERSION = YES;
				CLANG_WARN_INFINITE_RECURSION = YES;
				CLANG_WARN_INT_CONVERSION = YES;
				CLANG_WARN_NON_LITERAL_NULL_CONVERSION = YES;
				CLANG_WARN_OBJC_IMPLICIT_RETAIN_SELF = YES;
				CLANG_WARN_OBJC_LITERAL_CONVERSION = YES;
				CLANG_WARN_OBJC_ROOT_CLASS = YES_ERROR;
				CLANG_WARN_QUOTED_INCLUDE_IN_FRAMEWORK_HEADER = YES;
				CLANG_WARN_RANGE_LOOP_ANALYSIS = YES;
				CLANG_WARN_STRICT_PROTOTYPES = YES;
				CLANG_WARN_SUSPICIOUS_MOVE = YES;
				CLANG_WARN_UNGUARDED_AVAILABILITY = YES_AGGRESSIVE;
				CLANG_WARN_UNREACHABLE_CODE = YES;
				CLANG_WARN__DUPLICATE_METHOD_MATCH = YES;
				COPY_PHASE_STRIP = NO;
				DEBUG_INFORMATION_FORMAT = dwarf;
				ENABLE_STRICT_OBJC_MSGSEND = YES;
				ENABLE_TESTABILITY = YES;
				GCC_C_LANGUAGE_STANDARD = gnu11;
				GCC_DYNAMIC_NO_PIC = NO;
				GCC_NO_COMMON_BLOCKS = YES;
				GCC_OPTIMIZATION_LEVEL = 0;
				GCC_PREPROCESSOR_DEFINITIONS = (
					"DEBUG=1",
					"$(inherited)",
				);
				GCC_WARN_64_TO_32_BIT_CONVERSION = YES;
				GCC_WARN_ABOUT_RETURN_TYPE = YES_ERROR;
				GCC_WARN_UNDECLARED_SELECTOR = YES;
				GCC_WARN_UNINITIALIZED_AUTOS = YES_AGGRESSIVE;
				GCC_WARN_UNUSED_FUNCTION = YES;
				GCC_WARN_UNUSED_VARIABLE = YES;
				IPHONEOS_DEPLOYMENT_TARGET = 14.5;
				MTL_ENABLE_DEBUG_INFO = INCLUDE_SOURCE;
				MTL_FAST_MATH = YES;
				ONLY_ACTIVE_ARCH = YES;
				SDKROOT = iphoneos;
				SWIFT_ACTIVE_COMPILATION_CONDITIONS = DEBUG;
				SWIFT_OPTIMIZATION_LEVEL = "-Onone";
			};
			name = Debug;
		};
		7E6094A0263FCC63005E2919 /* Release */ = {
			isa = XCBuildConfiguration;
			buildSettings = {
				ALWAYS_SEARCH_USER_PATHS = NO;
				CLANG_ANALYZER_NONNULL = YES;
				CLANG_ANALYZER_NUMBER_OBJECT_CONVERSION = YES_AGGRESSIVE;
				CLANG_CXX_LANGUAGE_STANDARD = "gnu++14";
				CLANG_CXX_LIBRARY = "libc++";
				CLANG_ENABLE_MODULES = YES;
				CLANG_ENABLE_OBJC_ARC = YES;
				CLANG_ENABLE_OBJC_WEAK = YES;
				CLANG_WARN_BLOCK_CAPTURE_AUTORELEASING = YES;
				CLANG_WARN_BOOL_CONVERSION = YES;
				CLANG_WARN_COMMA = YES;
				CLANG_WARN_CONSTANT_CONVERSION = YES;
				CLANG_WARN_DEPRECATED_OBJC_IMPLEMENTATIONS = YES;
				CLANG_WARN_DIRECT_OBJC_ISA_USAGE = YES_ERROR;
				CLANG_WARN_DOCUMENTATION_COMMENTS = YES;
				CLANG_WARN_EMPTY_BODY = YES;
				CLANG_WARN_ENUM_CONVERSION = YES;
				CLANG_WARN_INFINITE_RECURSION = YES;
				CLANG_WARN_INT_CONVERSION = YES;
				CLANG_WARN_NON_LITERAL_NULL_CONVERSION = YES;
				CLANG_WARN_OBJC_IMPLICIT_RETAIN_SELF = YES;
				CLANG_WARN_OBJC_LITERAL_CONVERSION = YES;
				CLANG_WARN_OBJC_ROOT_CLASS = YES_ERROR;
				CLANG_WARN_QUOTED_INCLUDE_IN_FRAMEWORK_HEADER = YES;
				CLANG_WARN_RANGE_LOOP_ANALYSIS = YES;
				CLANG_WARN_STRICT_PROTOTYPES = YES;
				CLANG_WARN_SUSPICIOUS_MOVE = YES;
				CLANG_WARN_UNGUARDED_AVAILABILITY = YES_AGGRESSIVE;
				CLANG_WARN_UNREACHABLE_CODE = YES;
				CLANG_WARN__DUPLICATE_METHOD_MATCH = YES;
				COPY_PHASE_STRIP = NO;
				DEBUG_INFORMATION_FORMAT = "dwarf-with-dsym";
				ENABLE_NS_ASSERTIONS = NO;
				ENABLE_STRICT_OBJC_MSGSEND = YES;
				GCC_C_LANGUAGE_STANDARD = gnu11;
				GCC_NO_COMMON_BLOCKS = YES;
				GCC_WARN_64_TO_32_BIT_CONVERSION = YES;
				GCC_WARN_ABOUT_RETURN_TYPE = YES_ERROR;
				GCC_WARN_UNDECLARED_SELECTOR = YES;
				GCC_WARN_UNINITIALIZED_AUTOS = YES_AGGRESSIVE;
				GCC_WARN_UNUSED_FUNCTION = YES;
				GCC_WARN_UNUSED_VARIABLE = YES;
				IPHONEOS_DEPLOYMENT_TARGET = 14.5;
				MTL_ENABLE_DEBUG_INFO = NO;
				MTL_FAST_MATH = YES;
				SDKROOT = iphoneos;
				SWIFT_COMPILATION_MODE = wholemodule;
				SWIFT_OPTIMIZATION_LEVEL = "-O";
				VALIDATE_PRODUCT = YES;
			};
			name = Release;
		};
		7E6094A2263FCC63005E2919 /* Debug */ = {
			isa = XCBuildConfiguration;
			buildSettings = {
				ASSETCATALOG_COMPILER_APPICON_NAME = AppIcon;
				ASSETCATALOG_COMPILER_GLOBAL_ACCENT_COLOR_NAME = AccentColor;
				CODE_SIGN_STYLE = Automatic;
				DEVELOPMENT_ASSET_PATHS = "\"ReduxAnimeApp/Preview Content\"";
				ENABLE_PREVIEWS = YES;
				INFOPLIST_FILE = ReduxAnimeApp/Info.plist;
				IPHONEOS_DEPLOYMENT_TARGET = 14.0;
				LD_RUNPATH_SEARCH_PATHS = (
					"$(inherited)",
					"@executable_path/Frameworks",
				);
				PRODUCT_BUNDLE_IDENTIFIER = com.orimomo.ReduxAnimeApp;
				PRODUCT_NAME = "$(TARGET_NAME)";
				SWIFT_VERSION = 5.0;
				TARGETED_DEVICE_FAMILY = "1,2";
			};
			name = Debug;
		};
		7E6094A3263FCC63005E2919 /* Release */ = {
			isa = XCBuildConfiguration;
			buildSettings = {
				ASSETCATALOG_COMPILER_APPICON_NAME = AppIcon;
				ASSETCATALOG_COMPILER_GLOBAL_ACCENT_COLOR_NAME = AccentColor;
				CODE_SIGN_STYLE = Automatic;
				DEVELOPMENT_ASSET_PATHS = "\"ReduxAnimeApp/Preview Content\"";
				ENABLE_PREVIEWS = YES;
				INFOPLIST_FILE = ReduxAnimeApp/Info.plist;
				IPHONEOS_DEPLOYMENT_TARGET = 14.0;
				LD_RUNPATH_SEARCH_PATHS = (
					"$(inherited)",
					"@executable_path/Frameworks",
				);
				PRODUCT_BUNDLE_IDENTIFIER = com.orimomo.ReduxAnimeApp;
				PRODUCT_NAME = "$(TARGET_NAME)";
				SWIFT_VERSION = 5.0;
				TARGETED_DEVICE_FAMILY = "1,2";
			};
			name = Release;
		};
/* End XCBuildConfiguration section */

/* Begin XCConfigurationList section */
		7E60948D263FCC5D005E2919 /* Build configuration list for PBXProject "ReduxAnimeApp" */ = {
			isa = XCConfigurationList;
			buildConfigurations = (
				7E60949F263FCC63005E2919 /* Debug */,
				7E6094A0263FCC63005E2919 /* Release */,
			);
			defaultConfigurationIsVisible = 0;
			defaultConfigurationName = Release;
		};
		7E6094A1263FCC63005E2919 /* Build configuration list for PBXNativeTarget "ReduxAnimeApp" */ = {
			isa = XCConfigurationList;
			buildConfigurations = (
				7E6094A2263FCC63005E2919 /* Debug */,
				7E6094A3263FCC63005E2919 /* Release */,
			);
			defaultConfigurationIsVisible = 0;
			defaultConfigurationName = Release;
		};
/* End XCConfigurationList section */
	};
	rootObject = 7E60948A263FCC5D005E2919 /* Project object */;
}
